
Microsoft Visual Studio Solution File, Format Version 12.00
# Visual Studio 2015
Project("{FAE04EC0-301F-11D3-BF4B-00C04F79EFBC}") = "AshUnityProject.Plugins", "AshUnityProject.Plugins.csproj", "{585DF299-FD69-430D-D8D2-13789AC9FF66}"
EndProject
Project("{FAE04EC0-301F-11D3-BF4B-00C04F79EFBC}") = "AshUnityProject.Editor.Plugins", "AshUnityProject.Editor.Plugins.csproj", "{533A1B38-A4B8-2216-B504-43DFA80151C6}"
EndProject
Global
	GlobalSection(SolutionConfigurationPlatforms) = preSolution
		Debug|Any CPU = Debug|Any CPU
		Release|Any CPU = Release|Any CPU
	EndGlobalSection
	GlobalSection(ProjectConfigurationPlatforms) = postSolution
		{585DF299-FD69-430D-D8D2-13789AC9FF66}.Debug|Any CPU.ActiveCfg = Debug|Any CPU
		{585DF299-FD69-430D-D8D2-13789AC9FF66}.Debug|Any CPU.Build.0 = Debug|Any CPU
		{585DF299-FD69-430D-D8D2-13789AC9FF66}.Release|Any CPU.ActiveCfg = Release|Any CPU
		{585DF299-FD69-430D-D8D2-13789AC9FF66}.Release|Any CPU.Build.0 = Release|Any CPU
		{533A1B38-A4B8-2216-B504-43DFA80151C6}.Debug|Any CPU.ActiveCfg = Debug|Any CPU
		{533A1B38-A4B8-2216-B504-43DFA80151C6}.Debug|Any CPU.Build.0 = Debug|Any CPU
		{533A1B38-A4B8-2216-B504-43DFA80151C6}.Release|Any CPU.ActiveCfg = Release|Any CPU
		{533A1B38-A4B8-2216-B504-43DFA80151C6}.Release|Any CPU.Build.0 = Release|Any CPU
	EndGlobalSection
	GlobalSection(SolutionProperties) = preSolution
		HideSolutionNode = FALSE
	EndGlobalSection
EndGlobal
