
Microsoft Visual Studio Solution File, Format Version 12.00
# Visual Studio 2015
Project("{FAE04EC0-301F-11D3-BF4B-00C04F79EFBC}") = "Ash.Unity", "Ash.Unity.csproj", "{DC3AB8BE-DE42-EB00-D57E-D6EFF31EBE55}"
EndProject
Project("{FAE04EC0-301F-11D3-BF4B-00C04F79EFBC}") = "Ash.Unity.Editor", "Ash.Unity.Editor.csproj", "{AEC88F87-9A7F-8698-1844-9DA92C03943C}"
EndProject
Global
	GlobalSection(SolutionConfigurationPlatforms) = preSolution
		Debug|Any CPU = Debug|Any CPU
		Release|Any CPU = Release|Any CPU
	EndGlobalSection
	GlobalSection(ProjectConfigurationPlatforms) = postSolution
		{DC3AB8BE-DE42-EB00-D57E-D6EFF31EBE55}.Debug|Any CPU.ActiveCfg = Debug|Any CPU
		{DC3AB8BE-DE42-EB00-D57E-D6EFF31EBE55}.Debug|Any CPU.Build.0 = Debug|Any CPU
		{DC3AB8BE-DE42-EB00-D57E-D6EFF31EBE55}.Release|Any CPU.ActiveCfg = Release|Any CPU
		{DC3AB8BE-DE42-EB00-D57E-D6EFF31EBE55}.Release|Any CPU.Build.0 = Release|Any CPU
		{AEC88F87-9A7F-8698-1844-9DA92C03943C}.Debug|Any CPU.ActiveCfg = Debug|Any CPU
		{AEC88F87-9A7F-8698-1844-9DA92C03943C}.Debug|Any CPU.Build.0 = Debug|Any CPU
		{AEC88F87-9A7F-8698-1844-9DA92C03943C}.Release|Any CPU.ActiveCfg = Release|Any CPU
		{AEC88F87-9A7F-8698-1844-9DA92C03943C}.Release|Any CPU.Build.0 = Release|Any CPU
	EndGlobalSection
	GlobalSection(SolutionProperties) = preSolution
		HideSolutionNode = FALSE
	EndGlobalSection
EndGlobal
