
Microsoft Visual Studio Solution File, Format Version 12.00
# Visual Studio 14
VisualStudioVersion = 14.0.24720.0
MinimumVisualStudioVersion = 10.0.40219.1
Project("{FAE04EC0-301F-11D3-BF4B-00C04F79EFBC}") = "Ash", "Ash\Ash.csproj", "{76A64C68-3045-4B57-944D-4770624808C7}"
EndProject
Project("{FAE04EC0-301F-11D3-BF4B-00C04F79EFBC}") = "AshUnity", "AshUnity\AshUnity.csproj", "{BBCCDCC2-0DF9-4877-A8DE-65A2DE96CBD6}"
EndProject
Project("{FAE04EC0-301F-11D3-BF4B-00C04F79EFBC}") = "AshUnityEditor", "AshUnityEditor\AshUnityEditor.csproj", "{63294F78-7C76-4D40-A206-82EEDE3056F8}"
EndProject
Project("{FAE04EC0-301F-11D3-BF4B-00C04F79EFBC}") = "AshUnityExtension", "AshUnityExtension\AshUnityExtension.csproj", "{2332A81A-908C-41B4-A9AE-86A2D50F1EA6}"
EndProject
Global
	GlobalSection(SolutionConfigurationPlatforms) = preSolution
		Debug|Any CPU = Debug|Any CPU
		Release|Any CPU = Release|Any CPU
	EndGlobalSection
	GlobalSection(ProjectConfigurationPlatforms) = postSolution
		{76A64C68-3045-4B57-944D-4770624808C7}.Debug|Any CPU.ActiveCfg = Debug|Any CPU
		{76A64C68-3045-4B57-944D-4770624808C7}.Debug|Any CPU.Build.0 = Debug|Any CPU
		{76A64C68-3045-4B57-944D-4770624808C7}.Release|Any CPU.ActiveCfg = Release|Any CPU
		{76A64C68-3045-4B57-944D-4770624808C7}.Release|Any CPU.Build.0 = Release|Any CPU
		{BBCCDCC2-0DF9-4877-A8DE-65A2DE96CBD6}.Debug|Any CPU.ActiveCfg = Debug|Any CPU
		{BBCCDCC2-0DF9-4877-A8DE-65A2DE96CBD6}.Debug|Any CPU.Build.0 = Debug|Any CPU
		{BBCCDCC2-0DF9-4877-A8DE-65A2DE96CBD6}.Release|Any CPU.ActiveCfg = Release|Any CPU
		{BBCCDCC2-0DF9-4877-A8DE-65A2DE96CBD6}.Release|Any CPU.Build.0 = Release|Any CPU
		{63294F78-7C76-4D40-A206-82EEDE3056F8}.Debug|Any CPU.ActiveCfg = Debug|Any CPU
		{63294F78-7C76-4D40-A206-82EEDE3056F8}.Debug|Any CPU.Build.0 = Debug|Any CPU
		{63294F78-7C76-4D40-A206-82EEDE3056F8}.Release|Any CPU.ActiveCfg = Release|Any CPU
		{63294F78-7C76-4D40-A206-82EEDE3056F8}.Release|Any CPU.Build.0 = Release|Any CPU
		{2332A81A-908C-41B4-A9AE-86A2D50F1EA6}.Debug|Any CPU.ActiveCfg = Debug|Any CPU
		{2332A81A-908C-41B4-A9AE-86A2D50F1EA6}.Debug|Any CPU.Build.0 = Debug|Any CPU
		{2332A81A-908C-41B4-A9AE-86A2D50F1EA6}.Release|Any CPU.ActiveCfg = Release|Any CPU
		{2332A81A-908C-41B4-A9AE-86A2D50F1EA6}.Release|Any CPU.Build.0 = Release|Any CPU
	EndGlobalSection
	GlobalSection(SolutionProperties) = preSolution
		HideSolutionNode = FALSE
	EndGlobalSection
EndGlobal
